{
    "_readme": [
        "This file locks the dependencies of your project to a known state",
        "Read more about it at https://getcomposer.org/doc/01-basic-usage.md#installing-dependencies",
        "This file is @generated automatically"
    ],
    "content-hash": "3bf6e9461698386fb1b3377ca2de2f16",
    "packages": [
        {
            "name": "xy2z/capro",
            "version": "1.0.0-alpha.35",
            "source": {
                "type": "git",
                "url": "https://github.com/xy2z/capro.git",
                "reference": "e04f0656c73e04a3270f3e12054062863926bf8a"
            },
            "dist": {
                "type": "zip",
                "url": "https://api.github.com/repos/xy2z/capro/zipball/e04f0656c73e04a3270f3e12054062863926bf8a",
                "reference": "e04f0656c73e04a3270f3e12054062863926bf8a",
                "shasum": ""
            },
            "require": {
                "php": "8.*"
            },
            "bin": [
                "capro",
                "capro.phar"
            ],
            "type": "library",
            "notification-url": "https://packagist.org/downloads/",
            "license": [
                "MIT"
            ],
            "authors": [
                {
                    "name": "Alexander <xy2z> Pedersen",
                    "email": "xy2z@pm.me",
                    "homepage": "https://xy2z.io",
                    "role": "Developer"
                }
            ],
            "description": "Static site generator",
            "homepage": "https://capro.xy2z.io",
            "keywords": [
                "blade",
                "ssg",
                "static site generator"
            ],
            "support": {
                "issues": "https://github.com/xy2z/capro/issues",
                "source": "https://github.com/xy2z/capro/tree/1.0.0-alpha.35"
            },
            "funding": [
                {
                    "url": "https://github.com/sponsors/xy2z",
                    "type": "github"
                }
            ],
            "time": "2024-02-17T11:42:10+00:00"
        }
    ],
    "packages-dev": [],
    "aliases": [],
    "minimum-stability": "stable",
    "stability-flags": {
        "xy2z/capro": 15
    },
    "prefer-stable": false,
    "prefer-lowest": false,
    "platform": [],
    "platform-dev": [],
    "plugin-api-version": "2.2.0"
}
